
Microsoft Visual Studio Solution File, Format Version 12.00
# Visual Studio Version 17
VisualStudioVersion = 17.11.35312.102
MinimumVisualStudioVersion = 10.0.40219.1
Project("{FAE04EC0-301F-11D3-BF4B-00C04F79EFBC}") = "ConsoleEstudos", "ConsoleEstudos\ConsoleEstudos.csproj", "{DEBD4F3C-285F-42A7-A3F4-CD942154C583}"
EndProject
Global
	GlobalSection(SolutionConfigurationPlatforms) = preSolution
		Debug|Any CPU = Debug|Any CPU
		Release|Any CPU = Release|Any CPU
	EndGlobalSection
	GlobalSection(ProjectConfigurationPlatforms) = postSolution
		{DEBD4F3C-285F-42A7-A3F4-CD942154C583}.Debug|Any CPU.ActiveCfg = Debug|Any CPU
		{DEBD4F3C-285F-42A7-A3F4-CD942154C583}.Debug|Any CPU.Build.0 = Debug|Any CPU
		{DEBD4F3C-285F-42A7-A3F4-CD942154C583}.Release|Any CPU.ActiveCfg = Release|Any CPU
		{DEBD4F3C-285F-42A7-A3F4-CD942154C583}.Release|Any CPU.Build.0 = Release|Any CPU
	EndGlobalSection
	GlobalSection(SolutionProperties) = preSolution
		HideSolutionNode = FALSE
	EndGlobalSection
	GlobalSection(ExtensibilityGlobals) = postSolution
		SolutionGuid = {DF64C74D-E3C4-4DCD-A790-DE1B536992C2}
	EndGlobalSection
EndGlobal
